// !$*UTF8*$!
{
	archiveVersion = 1;
	classes = {
	};
	objectVersion = 50;
	objects = {

/* Begin PBXBuildFile section */
		0E80B47CA827E039C683773E /* Pods_FamilyChatS.framework in Frameworks */ = {isa = PBXBuildFile; fileRef = EA59B18992A16F942F7D526F /* Pods_FamilyChatS.framework */; };
		7DF22A49217A415800259E47 /* AppDelegate.swift in Sources */ = {isa = PBXBuildFile; fileRef = 7DF22A48217A415800259E47 /* AppDelegate.swift */; };
		7DF22A4B217A415800259E47 /* ViewController.swift in Sources */ = {isa = PBXBuildFile; fileRef = 7DF22A4A217A415800259E47 /* ViewController.swift */; };
		7DF22A4E217A415800259E47 /* Main.storyboard in Resources */ = {isa = PBXBuildFile; fileRef = 7DF22A4C217A415800259E47 /* Main.storyboard */; };
		7DF22A50217A415900259E47 /* Assets.xcassets in Resources */ = {isa = PBXBuildFile; fileRef = 7DF22A4F217A415900259E47 /* Assets.xcassets */; };
		7DF22A53217A415900259E47 /* LaunchScreen.storyboard in Resources */ = {isa = PBXBuildFile; fileRef = 7DF22A51217A415900259E47 /* LaunchScreen.storyboard */; };
		7DF22A5B217A440500259E47 /* GoogleService-Info.plist in Resources */ = {isa = PBXBuildFile; fileRef = 7DF22A5A217A440500259E47 /* GoogleService-Info.plist */; };
		7DF22A63217A455C00259E47 /* Message.swift in Sources */ = {isa = PBXBuildFile; fileRef = 7DF22A62217A455C00259E47 /* Message.swift */; };
		7DF22A66217A459A00259E47 /* Login.swift in Sources */ = {isa = PBXBuildFile; fileRef = 7DF22A65217A459A00259E47 /* Login.swift */; };
		7DF22A68217A45AD00259E47 /* SignIn.swift in Sources */ = {isa = PBXBuildFile; fileRef = 7DF22A67217A45AD00259E47 /* SignIn.swift */; };
		7DF22A6A217A45BF00259E47 /* People.swift in Sources */ = {isa = PBXBuildFile; fileRef = 7DF22A69217A45BF00259E47 /* People.swift */; };
		7DF22A6C217A45D300259E47 /* ChatTable.swift in Sources */ = {isa = PBXBuildFile; fileRef = 7DF22A6B217A45D300259E47 /* ChatTable.swift */; };
		7DF22A70217A465200259E47 /* Sender.swift in Sources */ = {isa = PBXBuildFile; fileRef = 7DF22A6E217A465200259E47 /* Sender.swift */; };
		7DF22A71217A465200259E47 /* Sender.xib in Resources */ = {isa = PBXBuildFile; fileRef = 7DF22A6F217A465200259E47 /* Sender.xib */; };
		7DF22A74217A466300259E47 /* Reciver.swift in Sources */ = {isa = PBXBuildFile; fileRef = 7DF22A72217A466300259E47 /* Reciver.swift */; };
		7DF22A75217A466300259E47 /* Reciver.xib in Resources */ = {isa = PBXBuildFile; fileRef = 7DF22A73217A466300259E47 /* Reciver.xib */; };
		7DF22A78217A469500259E47 /* PeopleChat.swift in Sources */ = {isa = PBXBuildFile; fileRef = 7DF22A76217A469500259E47 /* PeopleChat.swift */; };
		7DF22A79217A469500259E47 /* PeopleChat.xib in Resources */ = {isa = PBXBuildFile; fileRef = 7DF22A77217A469500259E47 /* PeopleChat.xib */; };
		7DFD362621873C1E0053DE9E /* download.png in Resources */ = {isa = PBXBuildFile; fileRef = 7DFD362521873C1E0053DE9E /* download.png */; };
		7DFF6A1A2185DE0E0018B0E5 /* chate.storyboard in Resources */ = {isa = PBXBuildFile; fileRef = 7DFF6A192185DE0E0018B0E5 /* chate.storyboard */; };
/* End PBXBuildFile section */

/* Begin PBXFileReference section */
		4CA6D283F6F1A1CBEBF9155B /* Pods-FamilyChatS.release.xcconfig */ = {isa = PBXFileReference; includeInIndex = 1; lastKnownFileType = text.xcconfig; name = "Pods-FamilyChatS.release.xcconfig"; path = "Pods/Target Support Files/Pods-FamilyChatS/Pods-FamilyChatS.release.xcconfig"; sourceTree = "<group>"; };
		7DF22A45217A415800259E47 /* FamilyChatS.app */ = {isa = PBXFileReference; explicitFileType = wrapper.application; includeInIndex = 0; path = FamilyChatS.app; sourceTree = BUILT_PRODUCTS_DIR; };
		7DF22A48217A415800259E47 /* AppDelegate.swift */ = {isa = PBXFileReference; lastKnownFileType = sourcecode.swift; path = AppDelegate.swift; sourceTree = "<group>"; };
		7DF22A4A217A415800259E47 /* ViewController.swift */ = {isa = PBXFileReference; lastKnownFileType = sourcecode.swift; path = ViewController.swift; sourceTree = "<group>"; };
		7DF22A4D217A415800259E47 /* Base */ = {isa = PBXFileReference; lastKnownFileType = file.storyboard; name = Base; path = Base.lproj/Main.storyboard; sourceTree = "<group>"; };
		7DF22A4F217A415900259E47 /* Assets.xcassets */ = {isa = PBXFileReference; lastKnownFileType = folder.assetcatalog; path = Assets.xcassets; sourceTree = "<group>"; };
		7DF22A52217A415900259E47 /* Base */ = {isa = PBXFileReference; lastKnownFileType = file.storyboard; name = Base; path = Base.lproj/LaunchScreen.storyboard; sourceTree = "<group>"; };
		7DF22A54217A415900259E47 /* Info.plist */ = {isa = PBXFileReference; lastKnownFileType = text.plist.xml; path = Info.plist; sourceTree = "<group>"; };
		7DF22A5A217A440500259E47 /* GoogleService-Info.plist */ = {isa = PBXFileReference; fileEncoding = 4; lastKnownFileType = text.plist.xml; path = "GoogleService-Info.plist"; sourceTree = "<group>"; };
		7DF22A62217A455C00259E47 /* Message.swift */ = {isa = PBXFileReference; fileEncoding = 4; lastKnownFileType = sourcecode.swift; path = Message.swift; sourceTree = "<group>"; };
		7DF22A65217A459A00259E47 /* Login.swift */ = {isa = PBXFileReference; lastKnownFileType = sourcecode.swift; path = Login.swift; sourceTree = "<group>"; };
		7DF22A67217A45AD00259E47 /* SignIn.swift */ = {isa = PBXFileReference; lastKnownFileType = sourcecode.swift; path = SignIn.swift; sourceTree = "<group>"; };
		7DF22A69217A45BF00259E47 /* People.swift */ = {isa = PBXFileReference; lastKnownFileType = sourcecode.swift; path = People.swift; sourceTree = "<group>"; };
		7DF22A6B217A45D300259E47 /* ChatTable.swift */ = {isa = PBXFileReference; lastKnownFileType = sourcecode.swift; path = ChatTable.swift; sourceTree = "<group>"; };
		7DF22A6E217A465200259E47 /* Sender.swift */ = {isa = PBXFileReference; lastKnownFileType = sourcecode.swift; path = Sender.swift; sourceTree = "<group>"; };
		7DF22A6F217A465200259E47 /* Sender.xib */ = {isa = PBXFileReference; lastKnownFileType = file.xib; path = Sender.xib; sourceTree = "<group>"; };
		7DF22A72217A466300259E47 /* Reciver.swift */ = {isa = PBXFileReference; lastKnownFileType = sourcecode.swift; path = Reciver.swift; sourceTree = "<group>"; };
		7DF22A73217A466300259E47 /* Reciver.xib */ = {isa = PBXFileReference; lastKnownFileType = file.xib; path = Reciver.xib; sourceTree = "<group>"; };
		7DF22A76217A469500259E47 /* PeopleChat.swift */ = {isa = PBXFileReference; lastKnownFileType = sourcecode.swift; path = PeopleChat.swift; sourceTree = "<group>"; };
		7DF22A77217A469500259E47 /* PeopleChat.xib */ = {isa = PBXFileReference; lastKnownFileType = file.xib; path = PeopleChat.xib; sourceTree = "<group>"; };
		7DFD362521873C1E0053DE9E /* download.png */ = {isa = PBXFileReference; lastKnownFileType = image.png; path = download.png; sourceTree = "<group>"; };
		7DFF6A192185DE0E0018B0E5 /* chate.storyboard */ = {isa = PBXFileReference; fileEncoding = 4; lastKnownFileType = file.storyboard; path = chate.storyboard; sourceTree = "<group>"; };
		B45BF10AC9C0D1490C05C642 /* Pods-FamilyChatS.debug.xcconfig */ = {isa = PBXFileReference; includeInIndex = 1; lastKnownFileType = text.xcconfig; name = "Pods-FamilyChatS.debug.xcconfig"; path = "Pods/Target Support Files/Pods-FamilyChatS/Pods-FamilyChatS.debug.xcconfig"; sourceTree = "<group>"; };
		EA59B18992A16F942F7D526F /* Pods_FamilyChatS.framework */ = {isa = PBXFileReference; explicitFileType = wrapper.framework; includeInIndex = 0; path = Pods_FamilyChatS.framework; sourceTree = BUILT_PRODUCTS_DIR; };
/* End PBXFileReference section */

/* Begin PBXFrameworksBuildPhase section */
		7DF22A42217A415800259E47 /* Frameworks */ = {
			isa = PBXFrameworksBuildPhase;
			buildActionMask = 2147483647;
			files = (
				0E80B47CA827E039C683773E /* Pods_FamilyChatS.framework in Frameworks */,
			);
			runOnlyForDeploymentPostprocessing = 0;
		};
/* End PBXFrameworksBuildPhase section */

/* Begin PBXGroup section */
		0E8A451E6024403E62896DCF /* Pods */ = {
			isa = PBXGroup;
			children = (
				B45BF10AC9C0D1490C05C642 /* Pods-FamilyChatS.debug.xcconfig */,
				4CA6D283F6F1A1CBEBF9155B /* Pods-FamilyChatS.release.xcconfig */,
			);
			name = Pods;
			sourceTree = "<group>";
		};
		7DF22A3C217A415800259E47 = {
			isa = PBXGroup;
			children = (
				7DF22A47217A415800259E47 /* FamilyChatS */,
				7DF22A46217A415800259E47 /* Products */,
				0E8A451E6024403E62896DCF /* Pods */,
				E7AB829B690EB368610F115E /* Frameworks */,
			);
			sourceTree = "<group>";
		};
		7DF22A46217A415800259E47 /* Products */ = {
			isa = PBXGroup;
			children = (
				7DF22A45217A415800259E47 /* FamilyChatS.app */,
			);
			name = Products;
			sourceTree = "<group>";
		};
		7DF22A47217A415800259E47 /* FamilyChatS */ = {
			isa = PBXGroup;
			children = (
				7DF22A64217A456200259E47 /* Model */,
				7DF22A5E217A44C800259E47 /* Controller */,
				7DF22A5F217A44E200259E47 /* View */,
				7DF22A4F217A415900259E47 /* Assets.xcassets */,
				7DFD362521873C1E0053DE9E /* download.png */,
				7DF22A5A217A440500259E47 /* GoogleService-Info.plist */,
				7DF22A54217A415900259E47 /* Info.plist */,
			);
			path = FamilyChatS;
			sourceTree = "<group>";
		};
		7DF22A5E217A44C800259E47 /* Controller */ = {
			isa = PBXGroup;
			children = (
				7DF22A48217A415800259E47 /* AppDelegate.swift */,
				7DF22A65217A459A00259E47 /* Login.swift */,
				7DF22A67217A45AD00259E47 /* SignIn.swift */,
				7DF22A69217A45BF00259E47 /* People.swift */,
				7DF22A6B217A45D300259E47 /* ChatTable.swift */,
				7DF22A4A217A415800259E47 /* ViewController.swift */,
			);
			name = Controller;
			sourceTree = "<group>";
		};
		7DF22A5F217A44E200259E47 /* View */ = {
			isa = PBXGroup;
			children = (
				7DF22A6D217A45F300259E47 /* Custom */,
				7DFF6A192185DE0E0018B0E5 /* chate.storyboard */,
				7DF22A4C217A415800259E47 /* Main.storyboard */,
				7DF22A51217A415900259E47 /* LaunchScreen.storyboard */,
			);
			name = View;
			sourceTree = "<group>";
		};
		7DF22A64217A456200259E47 /* Model */ = {
			isa = PBXGroup;
			children = (
				7DF22A62217A455C00259E47 /* Message.swift */,
			);
			name = Model;
			sourceTree = "<group>";
		};
		7DF22A6D217A45F300259E47 /* Custom */ = {
			isa = PBXGroup;
			children = (
				7DF22A6E217A465200259E47 /* Sender.swift */,
				7DF22A6F217A465200259E47 /* Sender.xib */,
				7DF22A72217A466300259E47 /* Reciver.swift */,
				7DF22A73217A466300259E47 /* Reciver.xib */,
				7DF22A76217A469500259E47 /* PeopleChat.swift */,
				7DF22A77217A469500259E47 /* PeopleChat.xib */,
			);
			name = Custom;
			sourceTree = "<group>";
		};
		E7AB829B690EB368610F115E /* Frameworks */ = {
			isa = PBXGroup;
			children = (
				EA59B18992A16F942F7D526F /* Pods_FamilyChatS.framework */,
			);
			name = Frameworks;
			sourceTree = "<group>";
		};
/* End PBXGroup section */

/* Begin PBXNativeTarget section */
		7DF22A44217A415800259E47 /* FamilyChatS */ = {
			isa = PBXNativeTarget;
			buildConfigurationList = 7DF22A57217A415900259E47 /* Build configuration list for PBXNativeTarget "FamilyChatS" */;
			buildPhases = (
				287718F15C44E46B0CD19F71 /* [CP] Check Pods Manifest.lock */,
				7DF22A41217A415800259E47 /* Sources */,
				7DF22A42217A415800259E47 /* Frameworks */,
				7DF22A43217A415800259E47 /* Resources */,
				B472617D29655E386F31EAB7 /* [CP] Embed Pods Frameworks */,
				FAC6AD8DA771AD29D9542066 /* [CP] Copy Pods Resources */,
			);
			buildRules = (
			);
			dependencies = (
			);
			name = FamilyChatS;
			productName = FamilyChatS;
			productReference = 7DF22A45217A415800259E47 /* FamilyChatS.app */;
			productType = "com.apple.product-type.application";
		};
/* End PBXNativeTarget section */

/* Begin PBXProject section */
		7DF22A3D217A415800259E47 /* Project object */ = {
			isa = PBXProject;
			attributes = {
				LastSwiftUpdateCheck = 1000;
				LastUpgradeCheck = 1000;
				ORGANIZATIONNAME = "mohamed hashem";
				TargetAttributes = {
					7DF22A44217A415800259E47 = {
						CreatedOnToolsVersion = 10.0;
					};
				};
			};
			buildConfigurationList = 7DF22A40217A415800259E47 /* Build configuration list for PBXProject "FamilyChatS" */;
			compatibilityVersion = "Xcode 9.3";
			developmentRegion = en;
			hasScannedForEncodings = 0;
			knownRegions = (
				en,
				Base,
			);
			mainGroup = 7DF22A3C217A415800259E47;
			productRefGroup = 7DF22A46217A415800259E47 /* Products */;
			projectDirPath = "";
			projectRoot = "";
			targets = (
				7DF22A44217A415800259E47 /* FamilyChatS */,
			);
		};
/* End PBXProject section */

/* Begin PBXResourcesBuildPhase section */
		7DF22A43217A415800259E47 /* Resources */ = {
			isa = PBXResourcesBuildPhase;
			buildActionMask = 2147483647;
			files = (
				7DF22A75217A466300259E47 /* Reciver.xib in Resources */,
				7DF22A79217A469500259E47 /* PeopleChat.xib in Resources */,
				7DF22A53217A415900259E47 /* LaunchScreen.storyboard in Resources */,
				7DF22A5B217A440500259E47 /* GoogleService-Info.plist in Resources */,
				7DFF6A1A2185DE0E0018B0E5 /* chate.storyboard in Resources */,
				7DFD362621873C1E0053DE9E /* download.png in Resources */,
				7DF22A71217A465200259E47 /* Sender.xib in Resources */,
				7DF22A50217A415900259E47 /* Assets.xcassets in Resources */,
				7DF22A4E217A415800259E47 /* Main.storyboard in Resources */,
			);
			runOnlyForDeploymentPostprocessing = 0;
		};
/* End PBXResourcesBuildPhase section */

/* Begin PBXShellScriptBuildPhase section */
		287718F15C44E46B0CD19F71 /* [CP] Check Pods Manifest.lock */ = {
			isa = PBXShellScriptBuildPhase;
			buildActionMask = 2147483647;
			files = (
			);
			inputFileListPaths = (
			);
			inputPaths = (
				"${PODS_PODFILE_DIR_PATH}/Podfile.lock",
				"${PODS_ROOT}/Manifest.lock",
			);
			name = "[CP] Check Pods Manifest.lock";
			outputFileListPaths = (
			);
			outputPaths = (
				"$(DERIVED_FILE_DIR)/Pods-FamilyChatS-checkManifestLockResult.txt",
			);
			runOnlyForDeploymentPostprocessing = 0;
			shellPath = /bin/sh;
			shellScript = "diff \"${PODS_PODFILE_DIR_PATH}/Podfile.lock\" \"${PODS_ROOT}/Manifest.lock\" > /dev/null\nif [ $? != 0 ] ; then\n    # print error to STDERR\n    echo \"error: The sandbox is not in sync with the Podfile.lock. Run 'pod install' or update your CocoaPods installation.\" >&2\n    exit 1\nfi\n# This output is used by Xcode 'outputs' to avoid re-running this script phase.\necho \"SUCCESS\" > \"${SCRIPT_OUTPUT_FILE_0}\"\n";
			showEnvVarsInLog = 0;
		};
		B472617D29655E386F31EAB7 /* [CP] Embed Pods Frameworks */ = {
			isa = PBXShellScriptBuildPhase;
			buildActionMask = 2147483647;
			files = (
			);
			inputFileListPaths = (
			);
			inputPaths = (
				"${SRCROOT}/Pods/Target Support Files/Pods-FamilyChatS/Pods-FamilyChatS-frameworks.sh",
				"${BUILT_PRODUCTS_DIR}/ChameleonFramework/ChameleonFramework.framework",
				"${BUILT_PRODUCTS_DIR}/GTMOAuth2/GTMOAuth2.framework",
				"${BUILT_PRODUCTS_DIR}/GTMSessionFetcher/GTMSessionFetcher.framework",
				"${BUILT_PRODUCTS_DIR}/GoogleToolboxForMac/GoogleToolboxForMac.framework",
				"${BUILT_PRODUCTS_DIR}/GoogleUtilities/GoogleUtilities.framework",
				"${BUILT_PRODUCTS_DIR}/IQKeyboardManagerSwift/IQKeyboardManagerSwift.framework",
				"${BUILT_PRODUCTS_DIR}/SVProgressHUD/SVProgressHUD.framework",
				"${BUILT_PRODUCTS_DIR}/leveldb-library/leveldb.framework",
				"${BUILT_PRODUCTS_DIR}/nanopb/nanopb.framework",
			);
			name = "[CP] Embed Pods Frameworks";
			outputFileListPaths = (
			);
			outputPaths = (
				"${TARGET_BUILD_DIR}/${FRAMEWORKS_FOLDER_PATH}/ChameleonFramework.framework",
				"${TARGET_BUILD_DIR}/${FRAMEWORKS_FOLDER_PATH}/GTMOAuth2.framework",
				"${TARGET_BUILD_DIR}/${FRAMEWORKS_FOLDER_PATH}/GTMSessionFetcher.framework",
				"${TARGET_BUILD_DIR}/${FRAMEWORKS_FOLDER_PATH}/GoogleToolboxForMac.framework",
				"${TARGET_BUILD_DIR}/${FRAMEWORKS_FOLDER_PATH}/GoogleUtilities.framework",
				"${TARGET_BUILD_DIR}/${FRAMEWORKS_FOLDER_PATH}/IQKeyboardManagerSwift.framework",
				"${TARGET_BUILD_DIR}/${FRAMEWORKS_FOLDER_PATH}/SVProgressHUD.framework",
				"${TARGET_BUILD_DIR}/${FRAMEWORKS_FOLDER_PATH}/leveldb.framework",
				"${TARGET_BUILD_DIR}/${FRAMEWORKS_FOLDER_PATH}/nanopb.framework",
			);
			runOnlyForDeploymentPostprocessing = 0;
			shellPath = /bin/sh;
			shellScript = "\"${SRCROOT}/Pods/Target Support Files/Pods-FamilyChatS/Pods-FamilyChatS-frameworks.sh\"\n";
			showEnvVarsInLog = 0;
		};
		FAC6AD8DA771AD29D9542066 /* [CP] Copy Pods Resources */ = {
			isa = PBXShellScriptBuildPhase;
			buildActionMask = 2147483647;
			files = (
			);
			inputFileListPaths = (
			);
			inputPaths = (
				"${SRCROOT}/Pods/Target Support Files/Pods-FamilyChatS/Pods-FamilyChatS-resources.sh",
				"${PODS_ROOT}/GoogleSignIn/Resources/GoogleSignIn.bundle",
			);
			name = "[CP] Copy Pods Resources";
			outputFileListPaths = (
			);
			outputPaths = (
				"${TARGET_BUILD_DIR}/${UNLOCALIZED_RESOURCES_FOLDER_PATH}/GoogleSignIn.bundle",
			);
			runOnlyForDeploymentPostprocessing = 0;
			shellPath = /bin/sh;
			shellScript = "\"${SRCROOT}/Pods/Target Support Files/Pods-FamilyChatS/Pods-FamilyChatS-resources.sh\"\n";
			showEnvVarsInLog = 0;
		};
/* End PBXShellScriptBuildPhase section */

/* Begin PBXSourcesBuildPhase section */
		7DF22A41217A415800259E47 /* Sources */ = {
			isa = PBXSourcesBuildPhase;
			buildActionMask = 2147483647;
			files = (
				7DF22A70217A465200259E47 /* Sender.swift in Sources */,
				7DF22A63217A455C00259E47 /* Message.swift in Sources */,
				7DF22A74217A466300259E47 /* Reciver.swift in Sources */,
				7DF22A4B217A415800259E47 /* ViewController.swift in Sources */,
				7DF22A6C217A45D300259E47 /* ChatTable.swift in Sources */,
				7DF22A68217A45AD00259E47 /* SignIn.swift in Sources */,
				7DF22A49217A415800259E47 /* AppDelegate.swift in Sources */,
				7DF22A6A217A45BF00259E47 /* People.swift in Sources */,
				7DF22A78217A469500259E47 /* PeopleChat.swift in Sources */,
				7DF22A66217A459A00259E47 /* Login.swift in Sources */,
			);
			runOnlyForDeploymentPostprocessing = 0;
		};
/* End PBXSourcesBuildPhase section */

/* Begin PBXVariantGroup section */
		7DF22A4C217A415800259E47 /* Main.storyboard */ = {
			isa = PBXVariantGroup;
			children = (
				7DF22A4D217A415800259E47 /* Base */,
			);
			name = Main.storyboard;
			sourceTree = "<group>";
		};
		7DF22A51217A415900259E47 /* LaunchScreen.storyboard */ = {
			isa = PBXVariantGroup;
			children = (
				7DF22A52217A415900259E47 /* Base */,
			);
			name = LaunchScreen.storyboard;
			sourceTree = "<group>";
		};
/* End PBXVariantGroup section */

/* Begin XCBuildConfiguration section */
		7DF22A55217A415900259E47 /* Debug */ = {
			isa = XCBuildConfiguration;
			buildSettings = {
				ALWAYS_SEARCH_USER_PATHS = NO;
				CLANG_ANALYZER_NONNULL = YES;
				CLANG_ANALYZER_NUMBER_OBJECT_CONVERSION = YES_AGGRESSIVE;
				CLANG_CXX_LANGUAGE_STANDARD = "gnu++14";
				CLANG_CXX_LIBRARY = "libc++";
				CLANG_ENABLE_MODULES = YES;
				CLANG_ENABLE_OBJC_ARC = YES;
				CLANG_ENABLE_OBJC_WEAK = YES;
				CLANG_WARN_BLOCK_CAPTURE_AUTORELEASING = YES;
				CLANG_WARN_BOOL_CONVERSION = YES;
				CLANG_WARN_COMMA = YES;
				CLANG_WARN_CONSTANT_CONVERSION = YES;
				CLANG_WARN_DEPRECATED_OBJC_IMPLEMENTATIONS = YES;
				CLANG_WARN_DIRECT_OBJC_ISA_USAGE = YES_ERROR;
				CLANG_WARN_DOCUMENTATION_COMMENTS = YES;
				CLANG_WARN_EMPTY_BODY = YES;
				CLANG_WARN_ENUM_CONVERSION = YES;
				CLANG_WARN_INFINITE_RECURSION = YES;
				CLANG_WARN_INT_CONVERSION = YES;
				CLANG_WARN_NON_LITERAL_NULL_CONVERSION = YES;
				CLANG_WARN_OBJC_IMPLICIT_RETAIN_SELF = YES;
				CLANG_WARN_OBJC_LITERAL_CONVERSION = YES;
				CLANG_WARN_OBJC_ROOT_CLASS = YES_ERROR;
				CLANG_WARN_RANGE_LOOP_ANALYSIS = YES;
				CLANG_WARN_STRICT_PROTOTYPES = YES;
				CLANG_WARN_SUSPICIOUS_MOVE = YES;
				CLANG_WARN_UNGUARDED_AVAILABILITY = YES_AGGRESSIVE;
				CLANG_WARN_UNREACHABLE_CODE = YES;
				CLANG_WARN__DUPLICATE_METHOD_MATCH = YES;
				CODE_SIGN_IDENTITY = "iPhone Developer";
				COPY_PHASE_STRIP = NO;
				DEBUG_INFORMATION_FORMAT = dwarf;
				ENABLE_STRICT_OBJC_MSGSEND = YES;
				ENABLE_TESTABILITY = YES;
				GCC_C_LANGUAGE_STANDARD = gnu11;
				GCC_DYNAMIC_NO_PIC = NO;
				GCC_NO_COMMON_BLOCKS = YES;
				GCC_OPTIMIZATION_LEVEL = 0;
				GCC_PREPROCESSOR_DEFINITIONS = (
					"DEBUG=1",
					"$(inherited)",
				);
				GCC_WARN_64_TO_32_BIT_CONVERSION = YES;
				GCC_WARN_ABOUT_RETURN_TYPE = YES_ERROR;
				GCC_WARN_UNDECLARED_SELECTOR = YES;
				GCC_WARN_UNINITIALIZED_AUTOS = YES_AGGRESSIVE;
				GCC_WARN_UNUSED_FUNCTION = YES;
				GCC_WARN_UNUSED_VARIABLE = YES;
				IPHONEOS_DEPLOYMENT_TARGET = 12.0;
				MTL_ENABLE_DEBUG_INFO = INCLUDE_SOURCE;
				MTL_FAST_MATH = YES;
				ONLY_ACTIVE_ARCH = YES;
				SDKROOT = iphoneos;
				SWIFT_ACTIVE_COMPILATION_CONDITIONS = DEBUG;
				SWIFT_OPTIMIZATION_LEVEL = "-Onone";
			};
			name = Debug;
		};
		7DF22A56217A415900259E47 /* Release */ = {
			isa = XCBuildConfiguration;
			buildSettings = {
				ALWAYS_SEARCH_USER_PATHS = NO;
				CLANG_ANALYZER_NONNULL = YES;
				CLANG_ANALYZER_NUMBER_OBJECT_CONVERSION = YES_AGGRESSIVE;
				CLANG_CXX_LANGUAGE_STANDARD = "gnu++14";
				CLANG_CXX_LIBRARY = "libc++";
				CLANG_ENABLE_MODULES = YES;
				CLANG_ENABLE_OBJC_ARC = YES;
				CLANG_ENABLE_OBJC_WEAK = YES;
				CLANG_WARN_BLOCK_CAPTURE_AUTORELEASING = YES;
				CLANG_WARN_BOOL_CONVERSION = YES;
				CLANG_WARN_COMMA = YES;
				CLANG_WARN_CONSTANT_CONVERSION = YES;
				CLANG_WARN_DEPRECATED_OBJC_IMPLEMENTATIONS = YES;
				CLANG_WARN_DIRECT_OBJC_ISA_USAGE = YES_ERROR;
				CLANG_WARN_DOCUMENTATION_COMMENTS = YES;
				CLANG_WARN_EMPTY_BODY = YES;
				CLANG_WARN_ENUM_CONVERSION = YES;
				CLANG_WARN_INFINITE_RECURSION = YES;
				CLANG_WARN_INT_CONVERSION = YES;
				CLANG_WARN_NON_LITERAL_NULL_CONVERSION = YES;
				CLANG_WARN_OBJC_IMPLICIT_RETAIN_SELF = YES;
				CLANG_WARN_OBJC_LITERAL_CONVERSION = YES;
				CLANG_WARN_OBJC_ROOT_CLASS = YES_ERROR;
				CLANG_WARN_RANGE_LOOP_ANALYSIS = YES;
				CLANG_WARN_STRICT_PROTOTYPES = YES;
				CLANG_WARN_SUSPICIOUS_MOVE = YES;
				CLANG_WARN_UNGUARDED_AVAILABILITY = YES_AGGRESSIVE;
				CLANG_WARN_UNREACHABLE_CODE = YES;
				CLANG_WARN__DUPLICATE_METHOD_MATCH = YES;
				CODE_SIGN_IDENTITY = "iPhone Developer";
				COPY_PHASE_STRIP = NO;
				DEBUG_INFORMATION_FORMAT = "dwarf-with-dsym";
				ENABLE_NS_ASSERTIONS = NO;
				ENABLE_STRICT_OBJC_MSGSEND = YES;
				GCC_C_LANGUAGE_STANDARD = gnu11;
				GCC_NO_COMMON_BLOCKS = YES;
				GCC_WARN_64_TO_32_BIT_CONVERSION = YES;
				GCC_WARN_ABOUT_RETURN_TYPE = YES_ERROR;
				GCC_WARN_UNDECLARED_SELECTOR = YES;
				GCC_WARN_UNINITIALIZED_AUTOS = YES_AGGRESSIVE;
				GCC_WARN_UNUSED_FUNCTION = YES;
				GCC_WARN_UNUSED_VARIABLE = YES;
				IPHONEOS_DEPLOYMENT_TARGET = 12.0;
				MTL_ENABLE_DEBUG_INFO = NO;
				MTL_FAST_MATH = YES;
				SDKROOT = iphoneos;
				SWIFT_COMPILATION_MODE = wholemodule;
				SWIFT_OPTIMIZATION_LEVEL = "-O";
				VALIDATE_PRODUCT = YES;
			};
			name = Release;
		};
		7DF22A58217A415900259E47 /* Debug */ = {
			isa = XCBuildConfiguration;
			baseConfigurationReference = B45BF10AC9C0D1490C05C642 /* Pods-FamilyChatS.debug.xcconfig */;
			buildSettings = {
				ASSETCATALOG_COMPILER_APPICON_NAME = AppIcon;
				CODE_SIGN_STYLE = Automatic;
				DEVELOPMENT_TEAM = JNP78QVJKX;
				INFOPLIST_FILE = FamilyChatS/Info.plist;
				LD_RUNPATH_SEARCH_PATHS = (
					"$(inherited)",
					"@executable_path/Frameworks",
				);
				PRODUCT_BUNDLE_IDENTIFIER = MH.FamilyChatS;
				PRODUCT_NAME = "$(TARGET_NAME)";
				SWIFT_VERSION = 4.2;
				TARGETED_DEVICE_FAMILY = "1,2";
			};
			name = Debug;
		};
		7DF22A59217A415900259E47 /* Release */ = {
			isa = XCBuildConfiguration;
			baseConfigurationReference = 4CA6D283F6F1A1CBEBF9155B /* Pods-FamilyChatS.release.xcconfig */;
			buildSettings = {
				ASSETCATALOG_COMPILER_APPICON_NAME = AppIcon;
				CODE_SIGN_STYLE = Automatic;
				DEVELOPMENT_TEAM = JNP78QVJKX;
				INFOPLIST_FILE = FamilyChatS/Info.plist;
				LD_RUNPATH_SEARCH_PATHS = (
					"$(inherited)",
					"@executable_path/Frameworks",
				);
				PRODUCT_BUNDLE_IDENTIFIER = MH.FamilyChatS;
				PRODUCT_NAME = "$(TARGET_NAME)";
				SWIFT_VERSION = 4.2;
				TARGETED_DEVICE_FAMILY = "1,2";
			};
			name = Release;
		};
/* End XCBuildConfiguration section */

/* Begin XCConfigurationList section */
		7DF22A40217A415800259E47 /* Build configuration list for PBXProject "FamilyChatS" */ = {
			isa = XCConfigurationList;
			buildConfigurations = (
				7DF22A55217A415900259E47 /* Debug */,
				7DF22A56217A415900259E47 /* Release */,
			);
			defaultConfigurationIsVisible = 0;
			defaultConfigurationName = Release;
		};
		7DF22A57217A415900259E47 /* Build configuration list for PBXNativeTarget "FamilyChatS" */ = {
			isa = XCConfigurationList;
			buildConfigurations = (
				7DF22A58217A415900259E47 /* Debug */,
				7DF22A59217A415900259E47 /* Release */,
			);
			defaultConfigurationIsVisible = 0;
			defaultConfigurationName = Release;
		};
/* End XCConfigurationList section */
	};
	rootObject = 7DF22A3D217A415800259E47 /* Project object */;
}
